
Microsoft Visual Studio Solution File, Format Version 12.00
# Visual Studio 2012
Project("{FAE04EC0-301F-11D3-BF4B-00C04F79EFBC}") = "Cshandler.ScriptEngine", "Cshandler.ScriptEngine\Cshandler.ScriptEngine.csproj", "{8F8F7996-643A-46DE-9A93-DF500BA080A5}"
EndProject
Project("{FAE04EC0-301F-11D3-BF4B-00C04F79EFBC}") = "TestApplicationConsole", "TestApplicationConsole\TestApplicationConsole.csproj", "{BF3FD3A1-1A57-4BE0-8827-F590F2029995}"
EndProject
Project("{FAE04EC0-301F-11D3-BF4B-00C04F79EFBC}") = "Cshandler.CompilationExecutionEngine", "Cshandler.CompilationExecutionEngine\Cshandler.CompilationExecutionEngine.csproj", "{E09BF8DA-163A-4065-8028-DB0C93C66100}"
EndProject
Project("{FAE04EC0-301F-11D3-BF4B-00C04F79EFBC}") = "Cshandler.csfiddle.web", "Cshandler.csfiddle.web\Cshandler.csfiddle.web.csproj", "{ABC4FAC1-879A-4146-8BD5-14F77DBFDAC4}"
EndProject
Global
	GlobalSection(SolutionConfigurationPlatforms) = preSolution
		Debug|Any CPU = Debug|Any CPU
		Release|Any CPU = Release|Any CPU
	EndGlobalSection
	GlobalSection(ProjectConfigurationPlatforms) = postSolution
		{8F8F7996-643A-46DE-9A93-DF500BA080A5}.Debug|Any CPU.ActiveCfg = Debug|Any CPU
		{8F8F7996-643A-46DE-9A93-DF500BA080A5}.Debug|Any CPU.Build.0 = Debug|Any CPU
		{8F8F7996-643A-46DE-9A93-DF500BA080A5}.Release|Any CPU.ActiveCfg = Release|Any CPU
		{8F8F7996-643A-46DE-9A93-DF500BA080A5}.Release|Any CPU.Build.0 = Release|Any CPU
		{BF3FD3A1-1A57-4BE0-8827-F590F2029995}.Debug|Any CPU.ActiveCfg = Debug|Any CPU
		{BF3FD3A1-1A57-4BE0-8827-F590F2029995}.Debug|Any CPU.Build.0 = Debug|Any CPU
		{BF3FD3A1-1A57-4BE0-8827-F590F2029995}.Release|Any CPU.ActiveCfg = Release|Any CPU
		{BF3FD3A1-1A57-4BE0-8827-F590F2029995}.Release|Any CPU.Build.0 = Release|Any CPU
		{E09BF8DA-163A-4065-8028-DB0C93C66100}.Debug|Any CPU.ActiveCfg = Debug|Any CPU
		{E09BF8DA-163A-4065-8028-DB0C93C66100}.Debug|Any CPU.Build.0 = Debug|Any CPU
		{E09BF8DA-163A-4065-8028-DB0C93C66100}.Release|Any CPU.ActiveCfg = Release|Any CPU
		{E09BF8DA-163A-4065-8028-DB0C93C66100}.Release|Any CPU.Build.0 = Release|Any CPU
		{ABC4FAC1-879A-4146-8BD5-14F77DBFDAC4}.Debug|Any CPU.ActiveCfg = Debug|Any CPU
		{ABC4FAC1-879A-4146-8BD5-14F77DBFDAC4}.Debug|Any CPU.Build.0 = Debug|Any CPU
		{ABC4FAC1-879A-4146-8BD5-14F77DBFDAC4}.Release|Any CPU.ActiveCfg = Release|Any CPU
		{ABC4FAC1-879A-4146-8BD5-14F77DBFDAC4}.Release|Any CPU.Build.0 = Release|Any CPU
	EndGlobalSection
	GlobalSection(SolutionProperties) = preSolution
		HideSolutionNode = FALSE
	EndGlobalSection
EndGlobal
